
Microsoft Visual Studio Solution File, Format Version 11.00
# Visual Studio 2010
Project("{FAE04EC0-301F-11D3-BF4B-00C04F79EFBC}") = "Assembly-CSharp", "Assembly-CSharp.csproj", "{6634A929-490E-C84D-044C-AA45C2EDB154}"
EndProject
Project("{FAE04EC0-301F-11D3-BF4B-00C04F79EFBC}") = "Sirenix.OdinInspector.CompatibilityLayer", "Sirenix.OdinInspector.CompatibilityLayer.csproj", "{CD519C1B-CA26-9E20-E703-F605D86390AF}"
EndProject
<<<<<<< HEAD
Project("{FAE04EC0-301F-11D3-BF4B-00C04F79EFBC}") = "InControl", "InControl.csproj", "{aa23d8b6-1250-e7b4-d815-770de60e6cee}"
EndProject
Project("{FAE04EC0-301F-11D3-BF4B-00C04F79EFBC}") = "InControl.Examples", "InControl.Examples.csproj", "{3b9f7a59-14aa-4e19-6c3c-437f70fb0563}"
EndProject
Project("{FAE04EC0-301F-11D3-BF4B-00C04F79EFBC}") = "Sirenix.OdinInspector.CompatibilityLayer.Editor", "Sirenix.OdinInspector.CompatibilityLayer.Editor.csproj", "{767c1f5b-340b-5a2c-0350-bd1e84442992}"
=======
Project("{FAE04EC0-301F-11D3-BF4B-00C04F79EFBC}") = "Sirenix.OdinInspector.CompatibilityLayer.Editor", "Sirenix.OdinInspector.CompatibilityLayer.Editor.csproj", "{5B1F7C76-0B34-2C5A-0350-BD1E84442992}"
>>>>>>> 74b8c5885e03a20cd90c36c87afc9e8c32b8aa37
EndProject
Project("{FAE04EC0-301F-11D3-BF4B-00C04F79EFBC}") = "InControl.Editor", "InControl.Editor.csproj", "{a23d1d4c-e63c-e6bf-cb09-cc132e683256}"
EndProject
Global
	GlobalSection(SolutionConfigurationPlatforms) = preSolution
		Debug|Any CPU = Debug|Any CPU
		Release|Any CPU = Release|Any CPU
	EndGlobalSection
	GlobalSection(ProjectConfigurationPlatforms) = postSolution
<<<<<<< HEAD
		{29a93466-0e49-4dc8-044c-aa45c2edb154}.Debug|Any CPU.ActiveCfg = Debug|Any CPU
		{29a93466-0e49-4dc8-044c-aa45c2edb154}.Debug|Any CPU.Build.0 = Debug|Any CPU
		{1b9c51cd-26ca-209e-e703-f605d86390af}.Debug|Any CPU.ActiveCfg = Debug|Any CPU
		{1b9c51cd-26ca-209e-e703-f605d86390af}.Debug|Any CPU.Build.0 = Debug|Any CPU
		{aa23d8b6-1250-e7b4-d815-770de60e6cee}.Debug|Any CPU.ActiveCfg = Debug|Any CPU
		{aa23d8b6-1250-e7b4-d815-770de60e6cee}.Debug|Any CPU.Build.0 = Debug|Any CPU
		{3b9f7a59-14aa-4e19-6c3c-437f70fb0563}.Debug|Any CPU.ActiveCfg = Debug|Any CPU
		{3b9f7a59-14aa-4e19-6c3c-437f70fb0563}.Debug|Any CPU.Build.0 = Debug|Any CPU
		{767c1f5b-340b-5a2c-0350-bd1e84442992}.Debug|Any CPU.ActiveCfg = Debug|Any CPU
		{767c1f5b-340b-5a2c-0350-bd1e84442992}.Debug|Any CPU.Build.0 = Debug|Any CPU
		{a23d1d4c-e63c-e6bf-cb09-cc132e683256}.Debug|Any CPU.ActiveCfg = Debug|Any CPU
		{a23d1d4c-e63c-e6bf-cb09-cc132e683256}.Debug|Any CPU.Build.0 = Debug|Any CPU
=======
		{6634A929-490E-C84D-044C-AA45C2EDB154}.Debug|Any CPU.ActiveCfg = Debug|Any CPU
		{6634A929-490E-C84D-044C-AA45C2EDB154}.Debug|Any CPU.Build.0 = Debug|Any CPU
		{6634A929-490E-C84D-044C-AA45C2EDB154}.Release|Any CPU.ActiveCfg = Release|Any CPU
		{6634A929-490E-C84D-044C-AA45C2EDB154}.Release|Any CPU.Build.0 = Release|Any CPU
		{CD519C1B-CA26-9E20-E703-F605D86390AF}.Debug|Any CPU.ActiveCfg = Debug|Any CPU
		{CD519C1B-CA26-9E20-E703-F605D86390AF}.Debug|Any CPU.Build.0 = Debug|Any CPU
		{CD519C1B-CA26-9E20-E703-F605D86390AF}.Release|Any CPU.ActiveCfg = Release|Any CPU
		{CD519C1B-CA26-9E20-E703-F605D86390AF}.Release|Any CPU.Build.0 = Release|Any CPU
		{5B1F7C76-0B34-2C5A-0350-BD1E84442992}.Debug|Any CPU.ActiveCfg = Debug|Any CPU
		{5B1F7C76-0B34-2C5A-0350-BD1E84442992}.Debug|Any CPU.Build.0 = Debug|Any CPU
		{5B1F7C76-0B34-2C5A-0350-BD1E84442992}.Release|Any CPU.ActiveCfg = Release|Any CPU
		{5B1F7C76-0B34-2C5A-0350-BD1E84442992}.Release|Any CPU.Build.0 = Release|Any CPU
>>>>>>> 74b8c5885e03a20cd90c36c87afc9e8c32b8aa37
	EndGlobalSection
	GlobalSection(SolutionProperties) = preSolution
		HideSolutionNode = FALSE
	EndGlobalSection
EndGlobal
